
Microsoft Visual Studio Solution File, Format Version 12.00
# Visual Studio 2015
Project("{FAE04EC0-301F-11D3-BF4B-00C04F79EFBC}") = "INF2J_14_juni_FINAL_BUILD 3 AUDIO.CSharp", "INF2J_14_juni_FINAL_BUILD 3 AUDIO.CSharp.csproj", "{0B49898C-C76A-CB38-D181-ECDCC69E37D6}"
EndProject
Global
	GlobalSection(SolutionConfigurationPlatforms) = preSolution
		Debug|Any CPU = Debug|Any CPU
		Release|Any CPU = Release|Any CPU
	EndGlobalSection
	GlobalSection(ProjectConfigurationPlatforms) = postSolution
		{0B49898C-C76A-CB38-D181-ECDCC69E37D6}.Debug|Any CPU.ActiveCfg = Debug|Any CPU
		{0B49898C-C76A-CB38-D181-ECDCC69E37D6}.Debug|Any CPU.Build.0 = Debug|Any CPU
		{0B49898C-C76A-CB38-D181-ECDCC69E37D6}.Release|Any CPU.ActiveCfg = Release|Any CPU
		{0B49898C-C76A-CB38-D181-ECDCC69E37D6}.Release|Any CPU.Build.0 = Release|Any CPU
	EndGlobalSection
	GlobalSection(SolutionProperties) = preSolution
		HideSolutionNode = FALSE
	EndGlobalSection
EndGlobal
