
Microsoft Visual Studio Solution File, Format Version 12.00
# Visual Studio 2015
Project("{FAE04EC0-301F-11D3-BF4B-00C04F79EFBC}") = "TeamBloxio.CSharp", "TeamBloxio.CSharp.csproj", "{11EB5804-0C99-2750-4C00-4A5D51B7B000}"
EndProject
Global
	GlobalSection(SolutionConfigurationPlatforms) = preSolution
		Debug|Any CPU = Debug|Any CPU
		Release|Any CPU = Release|Any CPU
	EndGlobalSection
	GlobalSection(ProjectConfigurationPlatforms) = postSolution
		{11EB5804-0C99-2750-4C00-4A5D51B7B000}.Debug|Any CPU.ActiveCfg = Debug|Any CPU
		{11EB5804-0C99-2750-4C00-4A5D51B7B000}.Debug|Any CPU.Build.0 = Debug|Any CPU
		{11EB5804-0C99-2750-4C00-4A5D51B7B000}.Release|Any CPU.ActiveCfg = Release|Any CPU
		{11EB5804-0C99-2750-4C00-4A5D51B7B000}.Release|Any CPU.Build.0 = Release|Any CPU
	EndGlobalSection
	GlobalSection(SolutionProperties) = preSolution
		HideSolutionNode = FALSE
	EndGlobalSection
EndGlobal
