
Microsoft Visual Studio Solution File, Format Version 12.00
# Visual Studio 2015
Project("{FAE04EC0-301F-11D3-BF4B-00C04F79EFBC}") = "Level design.CSharp", "Level design.CSharp.csproj", "{7C059D1D-B66F-1A5C-B6F4-07273A47A5A5}"
EndProject
Global
	GlobalSection(SolutionConfigurationPlatforms) = preSolution
		Debug|Any CPU = Debug|Any CPU
		Release|Any CPU = Release|Any CPU
	EndGlobalSection
	GlobalSection(ProjectConfigurationPlatforms) = postSolution
		{7C059D1D-B66F-1A5C-B6F4-07273A47A5A5}.Debug|Any CPU.ActiveCfg = Debug|Any CPU
		{7C059D1D-B66F-1A5C-B6F4-07273A47A5A5}.Debug|Any CPU.Build.0 = Debug|Any CPU
		{7C059D1D-B66F-1A5C-B6F4-07273A47A5A5}.Release|Any CPU.ActiveCfg = Release|Any CPU
		{7C059D1D-B66F-1A5C-B6F4-07273A47A5A5}.Release|Any CPU.Build.0 = Release|Any CPU
	EndGlobalSection
	GlobalSection(SolutionProperties) = preSolution
		HideSolutionNode = FALSE
	EndGlobalSection
EndGlobal
