
Microsoft Visual Studio Solution File, Format Version 12.00
# Visual Studio 2015
Project("{FAE04EC0-301F-11D3-BF4B-00C04F79EFBC}") = "INF2J_Presentatie.CSharp", "INF2J_Presentatie.CSharp.csproj", "{449D2622-A6F8-B3CE-82E5-0485AA35B436}"
EndProject
Global
	GlobalSection(SolutionConfigurationPlatforms) = preSolution
		Debug|Any CPU = Debug|Any CPU
		Release|Any CPU = Release|Any CPU
	EndGlobalSection
	GlobalSection(ProjectConfigurationPlatforms) = postSolution
		{449D2622-A6F8-B3CE-82E5-0485AA35B436}.Debug|Any CPU.ActiveCfg = Debug|Any CPU
		{449D2622-A6F8-B3CE-82E5-0485AA35B436}.Debug|Any CPU.Build.0 = Debug|Any CPU
		{449D2622-A6F8-B3CE-82E5-0485AA35B436}.Release|Any CPU.ActiveCfg = Release|Any CPU
		{449D2622-A6F8-B3CE-82E5-0485AA35B436}.Release|Any CPU.Build.0 = Release|Any CPU
	EndGlobalSection
	GlobalSection(SolutionProperties) = preSolution
		HideSolutionNode = FALSE
	EndGlobalSection
EndGlobal
