
Microsoft Visual Studio Solution File, Format Version 12.00
# Visual Studio 2015
Project("{FAE04EC0-301F-11D3-BF4B-00C04F79EFBC}") = "TeamBloxio_backup.CSharp", "TeamBloxio_backup.CSharp.csproj", "{7B71739B-1FFC-9ACB-AFFF-572ABA2A64AE}"
EndProject
Global
	GlobalSection(SolutionConfigurationPlatforms) = preSolution
		Debug|Any CPU = Debug|Any CPU
		Release|Any CPU = Release|Any CPU
	EndGlobalSection
	GlobalSection(ProjectConfigurationPlatforms) = postSolution
		{7B71739B-1FFC-9ACB-AFFF-572ABA2A64AE}.Debug|Any CPU.ActiveCfg = Debug|Any CPU
		{7B71739B-1FFC-9ACB-AFFF-572ABA2A64AE}.Debug|Any CPU.Build.0 = Debug|Any CPU
		{7B71739B-1FFC-9ACB-AFFF-572ABA2A64AE}.Release|Any CPU.ActiveCfg = Release|Any CPU
		{7B71739B-1FFC-9ACB-AFFF-572ABA2A64AE}.Release|Any CPU.Build.0 = Release|Any CPU
	EndGlobalSection
	GlobalSection(SolutionProperties) = preSolution
		HideSolutionNode = FALSE
	EndGlobalSection
EndGlobal
